
Microsoft Visual Studio Solution File, Format Version 12.00
# Visual Studio Version 17
VisualStudioVersion = 17.14.36804.6 d17.14
MinimumVisualStudioVersion = 10.0.40219.1
Project("{FAE04EC0-301F-11D3-BF4B-00C04F79EFBC}") = "agenda de contatos", "agenda de contatos\agenda de contatos.csproj", "{35E02791-6953-47DB-B72A-6A7E54E02876}"
EndProject
Global
	GlobalSection(SolutionConfigurationPlatforms) = preSolution
		Debug|Any CPU = Debug|Any CPU
		Release|Any CPU = Release|Any CPU
	EndGlobalSection
	GlobalSection(ProjectConfigurationPlatforms) = postSolution
		{35E02791-6953-47DB-B72A-6A7E54E02876}.Debug|Any CPU.ActiveCfg = Debug|Any CPU
		{35E02791-6953-47DB-B72A-6A7E54E02876}.Debug|Any CPU.Build.0 = Debug|Any CPU
		{35E02791-6953-47DB-B72A-6A7E54E02876}.Release|Any CPU.ActiveCfg = Release|Any CPU
		{35E02791-6953-47DB-B72A-6A7E54E02876}.Release|Any CPU.Build.0 = Release|Any CPU
	EndGlobalSection
	GlobalSection(SolutionProperties) = preSolution
		HideSolutionNode = FALSE
	EndGlobalSection
	GlobalSection(ExtensibilityGlobals) = postSolution
		SolutionGuid = {0E726C49-4853-46E2-90CC-8039BC9BB9BA}
	EndGlobalSection
EndGlobal
